
Microsoft Visual Studio Solution File, Format Version 12.00
# Visual Studio Version 17
VisualStudioVersion = 17.3.32819.101
MinimumVisualStudioVersion = 10.0.40219.1
Project("{FAE04EC0-301F-11D3-BF4B-00C04F79EFBC}") = "Labb3", "Labb3\Labb3.csproj", "{52A5FAC3-1E60-436F-BD53-A8EA522E1610}"
EndProject
Global
	GlobalSection(SolutionConfigurationPlatforms) = preSolution
		Debug|Any CPU = Debug|Any CPU
		Release|Any CPU = Release|Any CPU
	EndGlobalSection
	GlobalSection(ProjectConfigurationPlatforms) = postSolution
		{52A5FAC3-1E60-436F-BD53-A8EA522E1610}.Debug|Any CPU.ActiveCfg = Debug|Any CPU
		{52A5FAC3-1E60-436F-BD53-A8EA522E1610}.Debug|Any CPU.Build.0 = Debug|Any CPU
		{52A5FAC3-1E60-436F-BD53-A8EA522E1610}.Release|Any CPU.ActiveCfg = Release|Any CPU
		{52A5FAC3-1E60-436F-BD53-A8EA522E1610}.Release|Any CPU.Build.0 = Release|Any CPU
	EndGlobalSection
	GlobalSection(SolutionProperties) = preSolution
		HideSolutionNode = FALSE
	EndGlobalSection
	GlobalSection(ExtensibilityGlobals) = postSolution
		SolutionGuid = {6600C6EB-A045-4EA1-BF55-26A53549FCB5}
	EndGlobalSection
EndGlobal
